PODS:
  - "app_settings (3.0.0+1)":
    - Flutter
  - EZOpenSDK (5.25.1)
  - Flutter (1.0.0)
  - network_info_plus (0.0.1):
    - Flutter
  - permission_handler_apple (9.1.1):
    - Flutter
  - ys_play (0.0.1):
    - EZOpenSDK (= 5.25.1)
    - Flutter

DEPENDENCIES:
  - app_settings (from `.symlinks/plugins/app_settings/ios`)
  - Flutter (from `Flutter`)
  - network_info_plus (from `.symlinks/plugins/network_info_plus/ios`)
  - permission_handler_apple (from `.symlinks/plugins/permission_handler_apple/ios`)
  - ys_play (from `.symlinks/plugins/ys_play/ios`)

SPEC REPOS:
  trunk:
    - EZOpenSDK

EXTERNAL SOURCES:
  app_settings:
    :path: ".symlinks/plugins/app_settings/ios"
  Flutter:
    :path: Flutter
  network_info_plus:
    :path: ".symlinks/plugins/network_info_plus/ios"
  permission_handler_apple:
    :path: ".symlinks/plugins/permission_handler_apple/ios"
  ys_play:
    :path: ".symlinks/plugins/ys_play/ios"

SPEC CHECKSUMS:
  app_settings: d103828c9f5d515c4df9ee754dabd443f7cedcf3
  EZOpenSDK: 39118f3c2640e489de80aad331acc78654641587
  Flutter: e0871f40cf51350855a761d2e70bf5af5b9b5de7
  network_info_plus: b78876159360f5580608c2cea620d6ceffabd0ad
  permission_handler_apple: e76247795d700c14ea09e3a2d8855d41ee80a2e6
  ys_play: 906af75646d74b3ebd69b399a49a369168cd723a

PODFILE CHECKSUM: a9c2aeeacae1f9fe8e7471081b4b79c7ecab2532

COCOAPODS: 1.16.0
